// !$*UTF8*$!
{
	archiveVersion = 1;
	classes = {
	};
	objectVersion = 51;
	objects = {

/* Begin PBXBuildFile section */
		E5C035C7410DDDCCE9CEA011 /* Pods_Examinator.framework in Frameworks */ = {isa = PBXBuildFile; fileRef = 15B72CD01FEA3079A81332FA /* Pods_Examinator.framework */; };
		F20CAA7E24A4AF6B00FA8C2E /* ProfessorLanding.swift in Sources */ = {isa = PBXBuildFile; fileRef = F20CAA7D24A4AF6B00FA8C2E /* ProfessorLanding.swift */; };
		F20CAA8024A4AFCA00FA8C2E /* StudentLanding.swift in Sources */ = {isa = PBXBuildFile; fileRef = F20CAA7F24A4AFCA00FA8C2E /* StudentLanding.swift */; };
		F20CAA8224A5498E00FA8C2E /* User.swift in Sources */ = {isa = PBXBuildFile; fileRef = F20CAA8124A5498E00FA8C2E /* User.swift */; };
		F20CAA8524A6932400FA8C2E /* ExpandableStrategy.swift in Sources */ = {isa = PBXBuildFile; fileRef = F20CAA8424A6932400FA8C2E /* ExpandableStrategy.swift */; };
		F20CAA8724A6962D00FA8C2E /* ExpandableDataSource.swift in Sources */ = {isa = PBXBuildFile; fileRef = F20CAA8624A6962D00FA8C2E /* ExpandableDataSource.swift */; };
		F20CAA8924A6999000FA8C2E /* ExpandableDelegate.swift in Sources */ = {isa = PBXBuildFile; fileRef = F20CAA8824A6999000FA8C2E /* ExpandableDelegate.swift */; };
		F20CAA8B24A69FF900FA8C2E /* Item.swift in Sources */ = {isa = PBXBuildFile; fileRef = F20CAA8A24A69FF900FA8C2E /* Item.swift */; };
		F20CAA8D24A6B9AA00FA8C2E /* ExpandableTableVC.swift in Sources */ = {isa = PBXBuildFile; fileRef = F20CAA8C24A6B9A900FA8C2E /* ExpandableTableVC.swift */; };
		F20CAA8F24A6BBBC00FA8C2E /* RequestsStrategy.swift in Sources */ = {isa = PBXBuildFile; fileRef = F20CAA8E24A6BBBC00FA8C2E /* RequestsStrategy.swift */; };
		F20CAA9124A6C1D500FA8C2E /* RequestsStrategyDS.swift in Sources */ = {isa = PBXBuildFile; fileRef = F20CAA9024A6C1D500FA8C2E /* RequestsStrategyDS.swift */; };
		F20CAA9324A6C9B300FA8C2E /* RequestsStrategyDelegate.swift in Sources */ = {isa = PBXBuildFile; fileRef = F20CAA9224A6C9B300FA8C2E /* RequestsStrategyDelegate.swift */; };
		F20CAA9524A6CF3900FA8C2E /* RequestsVC.swift in Sources */ = {isa = PBXBuildFile; fileRef = F20CAA9424A6CF3900FA8C2E /* RequestsVC.swift */; };
		F20CAA9724A6D0B200FA8C2E /* ProfessorTabBarViewController.swift in Sources */ = {isa = PBXBuildFile; fileRef = F20CAA9624A6D0B200FA8C2E /* ProfessorTabBarViewController.swift */; };
		F20CAA9924A74C2500FA8C2E /* ProfessorRequestHandler.swift in Sources */ = {isa = PBXBuildFile; fileRef = F20CAA9824A74C2400FA8C2E /* ProfessorRequestHandler.swift */; };
		F20CAA9C24A75C7100FA8C2E /* TopMostVC.swift in Sources */ = {isa = PBXBuildFile; fileRef = F20CAA9B24A75C7100FA8C2E /* TopMostVC.swift */; };
		F228654624AA8DA6003EDF5B /* DepartmentsStrategyDelegate.swift in Sources */ = {isa = PBXBuildFile; fileRef = F228654524AA8DA6003EDF5B /* DepartmentsStrategyDelegate.swift */; };
		F228654824AA8DB6003EDF5B /* DepartmentsStrategyDS.swift in Sources */ = {isa = PBXBuildFile; fileRef = F228654724AA8DB6003EDF5B /* DepartmentsStrategyDS.swift */; };
		F228654B24AAA1B8003EDF5B /* SubjectStrategy.swift in Sources */ = {isa = PBXBuildFile; fileRef = F228654A24AAA1B7003EDF5B /* SubjectStrategy.swift */; };
		F228654D24AAA1C6003EDF5B /* SubjectStrategyDelegate.swift in Sources */ = {isa = PBXBuildFile; fileRef = F228654C24AAA1C6003EDF5B /* SubjectStrategyDelegate.swift */; };
		F228654F24AAA1D0003EDF5B /* SubjectStrategyDS.swift in Sources */ = {isa = PBXBuildFile; fileRef = F228654E24AAA1D0003EDF5B /* SubjectStrategyDS.swift */; };
		F26D0F04240067FB0012FC1B /* Login.swift in Sources */ = {isa = PBXBuildFile; fileRef = F26D0F03240067FB0012FC1B /* Login.swift */; };
		F26D0F062400680C0012FC1B /* RegisterPicker.swift in Sources */ = {isa = PBXBuildFile; fileRef = F26D0F052400680C0012FC1B /* RegisterPicker.swift */; };
		F26D0F082400681E0012FC1B /* Register.swift in Sources */ = {isa = PBXBuildFile; fileRef = F26D0F072400681E0012FC1B /* Register.swift */; };
		F282510C24AF911000644472 /* QuestionStrategy.swift in Sources */ = {isa = PBXBuildFile; fileRef = F282510B24AF911000644472 /* QuestionStrategy.swift */; };
		F282510E24AF911C00644472 /* QuestionStrategyDelegate.swift in Sources */ = {isa = PBXBuildFile; fileRef = F282510D24AF911C00644472 /* QuestionStrategyDelegate.swift */; };
		F282511024AF912600644472 /* QuestionStrategyDS.swift in Sources */ = {isa = PBXBuildFile; fileRef = F282510F24AF912600644472 /* QuestionStrategyDS.swift */; };
		F283B1E023F9FF6A0065B00D /* College.swift in Sources */ = {isa = PBXBuildFile; fileRef = F283B1DF23F9FF6A0065B00D /* College.swift */; };
		F283B1E223F9FF840065B00D /* Level.swift in Sources */ = {isa = PBXBuildFile; fileRef = F283B1E123F9FF840065B00D /* Level.swift */; };
		F283B1E423F9FF900065B00D /* Department.swift in Sources */ = {isa = PBXBuildFile; fileRef = F283B1E323F9FF900065B00D /* Department.swift */; };
		F283B1E623F9FFC50065B00D /* Professor.swift in Sources */ = {isa = PBXBuildFile; fileRef = F283B1E523F9FFC50065B00D /* Professor.swift */; };
		F283B1E823F9FFDF0065B00D /* Subject.swift in Sources */ = {isa = PBXBuildFile; fileRef = F283B1E723F9FFDF0065B00D /* Subject.swift */; };
		F283B1EA23FA00130065B00D /* ProffessorRequest.swift in Sources */ = {isa = PBXBuildFile; fileRef = F283B1E923FA00130065B00D /* ProffessorRequest.swift */; };
		F283B1EC23FA012E0065B00D /* Chapter.swift in Sources */ = {isa = PBXBuildFile; fileRef = F283B1EB23FA012E0065B00D /* Chapter.swift */; };
		F283B1EE23FA01440065B00D /* Question.swift in Sources */ = {isa = PBXBuildFile; fileRef = F283B1ED23FA01440065B00D /* Question.swift */; };
		F283B1F023FA016D0065B00D /* Exam.swift in Sources */ = {isa = PBXBuildFile; fileRef = F283B1EF23FA016D0065B00D /* Exam.swift */; };
		F283B1F223FA01790065B00D /* ExamStructure.swift in Sources */ = {isa = PBXBuildFile; fileRef = F283B1F123FA01790065B00D /* ExamStructure.swift */; };
		F283B1F423FA019F0065B00D /* ExamRules.swift in Sources */ = {isa = PBXBuildFile; fileRef = F283B1F323FA019F0065B00D /* ExamRules.swift */; };
		F283B1F623FA03970065B00D /* ExamResult.swift in Sources */ = {isa = PBXBuildFile; fileRef = F283B1F523FA03970065B00D /* ExamResult.swift */; };
		F292091124A95488007B996B /* LevelsStrategy.swift in Sources */ = {isa = PBXBuildFile; fileRef = F292091024A95488007B996B /* LevelsStrategy.swift */; };
		F292091324A954B5007B996B /* LevelsStrategyDelegate.swift in Sources */ = {isa = PBXBuildFile; fileRef = F292091224A954B5007B996B /* LevelsStrategyDelegate.swift */; };
		F292091524A95507007B996B /* LevelsStrategyDS.swift in Sources */ = {isa = PBXBuildFile; fileRef = F292091424A95507007B996B /* LevelsStrategyDS.swift */; };
		F292091724A96709007B996B /* LevelsVC.swift in Sources */ = {isa = PBXBuildFile; fileRef = F292091624A96709007B996B /* LevelsVC.swift */; };
		F292091A24A990DD007B996B /* DepartmentStrategy.swift in Sources */ = {isa = PBXBuildFile; fileRef = F292091924A990DD007B996B /* DepartmentStrategy.swift */; };
		F2A7C657249655B30078CA7C /* Examinator.png in Resources */ = {isa = PBXBuildFile; fileRef = F2A7C655249655B20078CA7C /* Examinator.png */; };
		F2A7C658249655B30078CA7C /* Examinator.drawio in Resources */ = {isa = PBXBuildFile; fileRef = F2A7C656249655B30078CA7C /* Examinator.drawio */; };
		F2C2669624D8B339007DE74A /* NewMCQQuestionVC.swift in Sources */ = {isa = PBXBuildFile; fileRef = F2C2669524D8B339007DE74A /* NewMCQQuestionVC.swift */; };
		F2C2669824D8B34C007DE74A /* NewTFQuestionVC.swift in Sources */ = {isa = PBXBuildFile; fileRef = F2C2669724D8B34C007DE74A /* NewTFQuestionVC.swift */; };
		F2C2669A24D8D693007DE74A /* KeyboardDismissing.swift in Sources */ = {isa = PBXBuildFile; fileRef = F2C2669924D8D693007DE74A /* KeyboardDismissing.swift */; };
		F2C2669C24D9B555007DE74A /* ExamStructureVC.swift in Sources */ = {isa = PBXBuildFile; fileRef = F2C2669B24D9B555007DE74A /* ExamStructureVC.swift */; };
		F2C2669E24D9B983007DE74A /* CategoryCell.swift in Sources */ = {isa = PBXBuildFile; fileRef = F2C2669D24D9B983007DE74A /* CategoryCell.swift */; };
		F2C8774C2400723300927B9F /* AdminLanding.swift in Sources */ = {isa = PBXBuildFile; fileRef = F2C8774B2400723300927B9F /* AdminLanding.swift */; };
		F2C8774E240073D500927B9F /* AlertManager.swift in Sources */ = {isa = PBXBuildFile; fileRef = F2C8774D240073D500927B9F /* AlertManager.swift */; };
		F2C9D77823F8526900AE09A3 /* AppDelegate.swift in Sources */ = {isa = PBXBuildFile; fileRef = F2C9D77723F8526900AE09A3 /* AppDelegate.swift */; };
		F2C9D77A23F8526900AE09A3 /* SceneDelegate.swift in Sources */ = {isa = PBXBuildFile; fileRef = F2C9D77923F8526900AE09A3 /* SceneDelegate.swift */; };
		F2C9D77C23F8526900AE09A3 /* ViewController.swift in Sources */ = {isa = PBXBuildFile; fileRef = F2C9D77B23F8526900AE09A3 /* ViewController.swift */; };
		F2C9D77F23F8526900AE09A3 /* Main.storyboard in Resources */ = {isa = PBXBuildFile; fileRef = F2C9D77D23F8526900AE09A3 /* Main.storyboard */; };
		F2C9D78123F8526C00AE09A3 /* Assets.xcassets in Resources */ = {isa = PBXBuildFile; fileRef = F2C9D78023F8526C00AE09A3 /* Assets.xcassets */; };
		F2C9D78423F8526C00AE09A3 /* LaunchScreen.storyboard in Resources */ = {isa = PBXBuildFile; fileRef = F2C9D78223F8526C00AE09A3 /* LaunchScreen.storyboard */; };
		F2D1539F24AEEADD00D52D65 /* ProfessorStrategy.swift in Sources */ = {isa = PBXBuildFile; fileRef = F2D1539E24AEEADD00D52D65 /* ProfessorStrategy.swift */; };
		F2D153A124AEEAFE00D52D65 /* ProfessorStrategyDelegate.swift in Sources */ = {isa = PBXBuildFile; fileRef = F2D153A024AEEAFE00D52D65 /* ProfessorStrategyDelegate.swift */; };
		F2D153A324AEEB0A00D52D65 /* ProfessorStrategyDS.swift in Sources */ = {isa = PBXBuildFile; fileRef = F2D153A224AEEB0A00D52D65 /* ProfessorStrategyDS.swift */; };
		F2D153A524AEF1CD00D52D65 /* ProfessorSubjectStrategyDS.swift in Sources */ = {isa = PBXBuildFile; fileRef = F2D153A424AEF1CD00D52D65 /* ProfessorSubjectStrategyDS.swift */; };
		F2D153A824AF09F800D52D65 /* ChapterStrategy.swift in Sources */ = {isa = PBXBuildFile; fileRef = F2D153A724AF09F800D52D65 /* ChapterStrategy.swift */; };
		F2D153AA24AF0A0400D52D65 /* ChapterStrategyDelegate.swift in Sources */ = {isa = PBXBuildFile; fileRef = F2D153A924AF0A0400D52D65 /* ChapterStrategyDelegate.swift */; };
		F2D153AC24AF0A0D00D52D65 /* ChapterStrategyDS.swift in Sources */ = {isa = PBXBuildFile; fileRef = F2D153AB24AF0A0D00D52D65 /* ChapterStrategyDS.swift */; };
		F2D153AE24AF5C1600D52D65 /* ProfessorSubjectStrategy.swift in Sources */ = {isa = PBXBuildFile; fileRef = F2D153AD24AF5C1600D52D65 /* ProfessorSubjectStrategy.swift */; };
		F2EB2D8924DC1E6A006A9E45 /* StudentSubjectStrategy.swift in Sources */ = {isa = PBXBuildFile; fileRef = F2EB2D8824DC1E6A006A9E45 /* StudentSubjectStrategy.swift */; };
		F2EB2D8B24DC2119006A9E45 /* StudentSubjectStrategyDS.swift in Sources */ = {isa = PBXBuildFile; fileRef = F2EB2D8A24DC2119006A9E45 /* StudentSubjectStrategyDS.swift */; };
		F2EB2D8E24DC325C006A9E45 /* StudentQuestionStrategyDS.swift in Sources */ = {isa = PBXBuildFile; fileRef = F2EB2D8D24DC325C006A9E45 /* StudentQuestionStrategyDS.swift */; };
		F2EB2D9124DC3BFA006A9E45 /* MCQQuestion.swift in Sources */ = {isa = PBXBuildFile; fileRef = F2EB2D9024DC3BFA006A9E45 /* MCQQuestion.swift */; };
		F2EB2D9324DC3C7E006A9E45 /* TFQuestion.swift in Sources */ = {isa = PBXBuildFile; fileRef = F2EB2D9224DC3C7E006A9E45 /* TFQuestion.swift */; };
		F2EBF05C24A94F6D002B4B30 /* LevelDepartment.swift in Sources */ = {isa = PBXBuildFile; fileRef = F2EBF05B24A94F6D002B4B30 /* LevelDepartment.swift */; };
		F2EEC90624005D1F00FB4276 /* GoogleService-Info.plist in Resources */ = {isa = PBXBuildFile; fileRef = F2EEC90524005D1F00FB4276 /* GoogleService-Info.plist */; };
/* End PBXBuildFile section */

/* Begin PBXFileReference section */
		15B72CD01FEA3079A81332FA /* Pods_Examinator.framework */ = {isa = PBXFileReference; explicitFileType = wrapper.framework; includeInIndex = 0; path = Pods_Examinator.framework; sourceTree = BUILT_PRODUCTS_DIR; };
		2F544BF643607A307214AB00 /* Pods-Examinator.release.xcconfig */ = {isa = PBXFileReference; includeInIndex = 1; lastKnownFileType = text.xcconfig; name = "Pods-Examinator.release.xcconfig"; path = "Target Support Files/Pods-Examinator/Pods-Examinator.release.xcconfig"; sourceTree = "<group>"; };
		F20CAA7D24A4AF6B00FA8C2E /* ProfessorLanding.swift */ = {isa = PBXFileReference; lastKnownFileType = sourcecode.swift; path = ProfessorLanding.swift; sourceTree = "<group>"; };
		F20CAA7F24A4AFCA00FA8C2E /* StudentLanding.swift */ = {isa = PBXFileReference; lastKnownFileType = sourcecode.swift; path = StudentLanding.swift; sourceTree = "<group>"; };
		F20CAA8124A5498E00FA8C2E /* User.swift */ = {isa = PBXFileReference; lastKnownFileType = sourcecode.swift; path = User.swift; sourceTree = "<group>"; };
		F20CAA8424A6932400FA8C2E /* ExpandableStrategy.swift */ = {isa = PBXFileReference; lastKnownFileType = sourcecode.swift; path = ExpandableStrategy.swift; sourceTree = "<group>"; };
		F20CAA8624A6962D00FA8C2E /* ExpandableDataSource.swift */ = {isa = PBXFileReference; lastKnownFileType = sourcecode.swift; path = ExpandableDataSource.swift; sourceTree = "<group>"; };
		F20CAA8824A6999000FA8C2E /* ExpandableDelegate.swift */ = {isa = PBXFileReference; lastKnownFileType = sourcecode.swift; path = ExpandableDelegate.swift; sourceTree = "<group>"; };
		F20CAA8A24A69FF900FA8C2E /* Item.swift */ = {isa = PBXFileReference; lastKnownFileType = sourcecode.swift; path = Item.swift; sourceTree = "<group>"; };
		F20CAA8C24A6B9A900FA8C2E /* ExpandableTableVC.swift */ = {isa = PBXFileReference; lastKnownFileType = sourcecode.swift; path = ExpandableTableVC.swift; sourceTree = "<group>"; };
		F20CAA8E24A6BBBC00FA8C2E /* RequestsStrategy.swift */ = {isa = PBXFileReference; lastKnownFileType = sourcecode.swift; path = RequestsStrategy.swift; sourceTree = "<group>"; };
		F20CAA9024A6C1D500FA8C2E /* RequestsStrategyDS.swift */ = {isa = PBXFileReference; lastKnownFileType = sourcecode.swift; path = RequestsStrategyDS.swift; sourceTree = "<group>"; };
		F20CAA9224A6C9B300FA8C2E /* RequestsStrategyDelegate.swift */ = {isa = PBXFileReference; lastKnownFileType = sourcecode.swift; path = RequestsStrategyDelegate.swift; sourceTree = "<group>"; };
		F20CAA9424A6CF3900FA8C2E /* RequestsVC.swift */ = {isa = PBXFileReference; lastKnownFileType = sourcecode.swift; path = RequestsVC.swift; sourceTree = "<group>"; };
		F20CAA9624A6D0B200FA8C2E /* ProfessorTabBarViewController.swift */ = {isa = PBXFileReference; lastKnownFileType = sourcecode.swift; path = ProfessorTabBarViewController.swift; sourceTree = "<group>"; };
		F20CAA9824A74C2400FA8C2E /* ProfessorRequestHandler.swift */ = {isa = PBXFileReference; lastKnownFileType = sourcecode.swift; path = ProfessorRequestHandler.swift; sourceTree = "<group>"; };
		F20CAA9B24A75C7100FA8C2E /* TopMostVC.swift */ = {isa = PBXFileReference; lastKnownFileType = sourcecode.swift; path = TopMostVC.swift; sourceTree = "<group>"; };
		F228654524AA8DA6003EDF5B /* DepartmentsStrategyDelegate.swift */ = {isa = PBXFileReference; lastKnownFileType = sourcecode.swift; path = DepartmentsStrategyDelegate.swift; sourceTree = "<group>"; };
		F228654724AA8DB6003EDF5B /* DepartmentsStrategyDS.swift */ = {isa = PBXFileReference; lastKnownFileType = sourcecode.swift; path = DepartmentsStrategyDS.swift; sourceTree = "<group>"; };
		F228654A24AAA1B7003EDF5B /* SubjectStrategy.swift */ = {isa = PBXFileReference; lastKnownFileType = sourcecode.swift; path = SubjectStrategy.swift; sourceTree = "<group>"; };
		F228654C24AAA1C6003EDF5B /* SubjectStrategyDelegate.swift */ = {isa = PBXFileReference; lastKnownFileType = sourcecode.swift; path = SubjectStrategyDelegate.swift; sourceTree = "<group>"; };
		F228654E24AAA1D0003EDF5B /* SubjectStrategyDS.swift */ = {isa = PBXFileReference; lastKnownFileType = sourcecode.swift; path = SubjectStrategyDS.swift; sourceTree = "<group>"; };
		F26D0F03240067FB0012FC1B /* Login.swift */ = {isa = PBXFileReference; lastKnownFileType = sourcecode.swift; path = Login.swift; sourceTree = "<group>"; };
		F26D0F052400680C0012FC1B /* RegisterPicker.swift */ = {isa = PBXFileReference; lastKnownFileType = sourcecode.swift; path = RegisterPicker.swift; sourceTree = "<group>"; };
		F26D0F072400681E0012FC1B /* Register.swift */ = {isa = PBXFileReference; lastKnownFileType = sourcecode.swift; path = Register.swift; sourceTree = "<group>"; };
		F282510B24AF911000644472 /* QuestionStrategy.swift */ = {isa = PBXFileReference; lastKnownFileType = sourcecode.swift; path = QuestionStrategy.swift; sourceTree = "<group>"; };
		F282510D24AF911C00644472 /* QuestionStrategyDelegate.swift */ = {isa = PBXFileReference; lastKnownFileType = sourcecode.swift; path = QuestionStrategyDelegate.swift; sourceTree = "<group>"; };
		F282510F24AF912600644472 /* QuestionStrategyDS.swift */ = {isa = PBXFileReference; lastKnownFileType = sourcecode.swift; path = QuestionStrategyDS.swift; sourceTree = "<group>"; };
		F283B1DF23F9FF6A0065B00D /* College.swift */ = {isa = PBXFileReference; lastKnownFileType = sourcecode.swift; path = College.swift; sourceTree = "<group>"; };
		F283B1E123F9FF840065B00D /* Level.swift */ = {isa = PBXFileReference; lastKnownFileType = sourcecode.swift; path = Level.swift; sourceTree = "<group>"; };
		F283B1E323F9FF900065B00D /* Department.swift */ = {isa = PBXFileReference; lastKnownFileType = sourcecode.swift; path = Department.swift; sourceTree = "<group>"; };
		F283B1E523F9FFC50065B00D /* Professor.swift */ = {isa = PBXFileReference; lastKnownFileType = sourcecode.swift; path = Professor.swift; sourceTree = "<group>"; };
		F283B1E723F9FFDF0065B00D /* Subject.swift */ = {isa = PBXFileReference; lastKnownFileType = sourcecode.swift; path = Subject.swift; sourceTree = "<group>"; };
		F283B1E923FA00130065B00D /* ProffessorRequest.swift */ = {isa = PBXFileReference; lastKnownFileType = sourcecode.swift; path = ProffessorRequest.swift; sourceTree = "<group>"; };
		F283B1EB23FA012E0065B00D /* Chapter.swift */ = {isa = PBXFileReference; lastKnownFileType = sourcecode.swift; path = Chapter.swift; sourceTree = "<group>"; };
		F283B1ED23FA01440065B00D /* Question.swift */ = {isa = PBXFileReference; lastKnownFileType = sourcecode.swift; path = Question.swift; sourceTree = "<group>"; };
		F283B1EF23FA016D0065B00D /* Exam.swift */ = {isa = PBXFileReference; lastKnownFileType = sourcecode.swift; path = Exam.swift; sourceTree = "<group>"; };
		F283B1F123FA01790065B00D /* ExamStructure.swift */ = {isa = PBXFileReference; lastKnownFileType = sourcecode.swift; path = ExamStructure.swift; sourceTree = "<group>"; };
		F283B1F323FA019F0065B00D /* ExamRules.swift */ = {isa = PBXFileReference; lastKnownFileType = sourcecode.swift; path = ExamRules.swift; sourceTree = "<group>"; };
		F283B1F523FA03970065B00D /* ExamResult.swift */ = {isa = PBXFileReference; lastKnownFileType = sourcecode.swift; path = ExamResult.swift; sourceTree = "<group>"; };
		F292091024A95488007B996B /* LevelsStrategy.swift */ = {isa = PBXFileReference; lastKnownFileType = sourcecode.swift; path = LevelsStrategy.swift; sourceTree = "<group>"; };
		F292091224A954B5007B996B /* LevelsStrategyDelegate.swift */ = {isa = PBXFileReference; lastKnownFileType = sourcecode.swift; path = LevelsStrategyDelegate.swift; sourceTree = "<group>"; };
		F292091424A95507007B996B /* LevelsStrategyDS.swift */ = {isa = PBXFileReference; lastKnownFileType = sourcecode.swift; path = LevelsStrategyDS.swift; sourceTree = "<group>"; };
		F292091624A96709007B996B /* LevelsVC.swift */ = {isa = PBXFileReference; lastKnownFileType = sourcecode.swift; path = LevelsVC.swift; sourceTree = "<group>"; };
		F292091924A990DD007B996B /* DepartmentStrategy.swift */ = {isa = PBXFileReference; lastKnownFileType = sourcecode.swift; path = DepartmentStrategy.swift; sourceTree = "<group>"; };
		F2A7C655249655B20078CA7C /* Examinator.png */ = {isa = PBXFileReference; lastKnownFileType = image.png; path = Examinator.png; sourceTree = "<group>"; };
		F2A7C656249655B30078CA7C /* Examinator.drawio */ = {isa = PBXFileReference; fileEncoding = 4; lastKnownFileType = text; path = Examinator.drawio; sourceTree = "<group>"; };
		F2C2669524D8B339007DE74A /* NewMCQQuestionVC.swift */ = {isa = PBXFileReference; lastKnownFileType = sourcecode.swift; path = NewMCQQuestionVC.swift; sourceTree = "<group>"; };
		F2C2669724D8B34C007DE74A /* NewTFQuestionVC.swift */ = {isa = PBXFileReference; lastKnownFileType = sourcecode.swift; path = NewTFQuestionVC.swift; sourceTree = "<group>"; };
		F2C2669924D8D693007DE74A /* KeyboardDismissing.swift */ = {isa = PBXFileReference; lastKnownFileType = sourcecode.swift; path = KeyboardDismissing.swift; sourceTree = "<group>"; };
		F2C2669B24D9B555007DE74A /* ExamStructureVC.swift */ = {isa = PBXFileReference; lastKnownFileType = sourcecode.swift; path = ExamStructureVC.swift; sourceTree = "<group>"; };
		F2C2669D24D9B983007DE74A /* CategoryCell.swift */ = {isa = PBXFileReference; lastKnownFileType = sourcecode.swift; path = CategoryCell.swift; sourceTree = "<group>"; };
		F2C8774B2400723300927B9F /* AdminLanding.swift */ = {isa = PBXFileReference; lastKnownFileType = sourcecode.swift; path = AdminLanding.swift; sourceTree = "<group>"; };
		F2C8774D240073D500927B9F /* AlertManager.swift */ = {isa = PBXFileReference; lastKnownFileType = sourcecode.swift; path = AlertManager.swift; sourceTree = "<group>"; };
		F2C9D77423F8526900AE09A3 /* Examinator.app */ = {isa = PBXFileReference; explicitFileType = wrapper.application; includeInIndex = 0; path = Examinator.app; sourceTree = BUILT_PRODUCTS_DIR; };
		F2C9D77723F8526900AE09A3 /* AppDelegate.swift */ = {isa = PBXFileReference; lastKnownFileType = sourcecode.swift; path = AppDelegate.swift; sourceTree = "<group>"; };
		F2C9D77923F8526900AE09A3 /* SceneDelegate.swift */ = {isa = PBXFileReference; lastKnownFileType = sourcecode.swift; path = SceneDelegate.swift; sourceTree = "<group>"; };
		F2C9D77B23F8526900AE09A3 /* ViewController.swift */ = {isa = PBXFileReference; lastKnownFileType = sourcecode.swift; path = ViewController.swift; sourceTree = "<group>"; };
		F2C9D77E23F8526900AE09A3 /* Base */ = {isa = PBXFileReference; lastKnownFileType = file.storyboard; name = Base; path = Base.lproj/Main.storyboard; sourceTree = "<group>"; };
		F2C9D78023F8526C00AE09A3 /* Assets.xcassets */ = {isa = PBXFileReference; lastKnownFileType = folder.assetcatalog; path = Assets.xcassets; sourceTree = "<group>"; };
		F2C9D78323F8526C00AE09A3 /* Base */ = {isa = PBXFileReference; lastKnownFileType = file.storyboard; name = Base; path = Base.lproj/LaunchScreen.storyboard; sourceTree = "<group>"; };
		F2C9D78523F8526C00AE09A3 /* Info.plist */ = {isa = PBXFileReference; lastKnownFileType = text.plist.xml; path = Info.plist; sourceTree = "<group>"; };
		F2D1539E24AEEADD00D52D65 /* ProfessorStrategy.swift */ = {isa = PBXFileReference; lastKnownFileType = sourcecode.swift; path = ProfessorStrategy.swift; sourceTree = "<group>"; };
		F2D153A024AEEAFE00D52D65 /* ProfessorStrategyDelegate.swift */ = {isa = PBXFileReference; lastKnownFileType = sourcecode.swift; path = ProfessorStrategyDelegate.swift; sourceTree = "<group>"; };
		F2D153A224AEEB0A00D52D65 /* ProfessorStrategyDS.swift */ = {isa = PBXFileReference; lastKnownFileType = sourcecode.swift; path = ProfessorStrategyDS.swift; sourceTree = "<group>"; };
		F2D153A424AEF1CD00D52D65 /* ProfessorSubjectStrategyDS.swift */ = {isa = PBXFileReference; lastKnownFileType = sourcecode.swift; path = ProfessorSubjectStrategyDS.swift; sourceTree = "<group>"; };
		F2D153A724AF09F800D52D65 /* ChapterStrategy.swift */ = {isa = PBXFileReference; lastKnownFileType = sourcecode.swift; path = ChapterStrategy.swift; sourceTree = "<group>"; };
		F2D153A924AF0A0400D52D65 /* ChapterStrategyDelegate.swift */ = {isa = PBXFileReference; lastKnownFileType = sourcecode.swift; path = ChapterStrategyDelegate.swift; sourceTree = "<group>"; };
		F2D153AB24AF0A0D00D52D65 /* ChapterStrategyDS.swift */ = {isa = PBXFileReference; lastKnownFileType = sourcecode.swift; path = ChapterStrategyDS.swift; sourceTree = "<group>"; };
		F2D153AD24AF5C1600D52D65 /* ProfessorSubjectStrategy.swift */ = {isa = PBXFileReference; lastKnownFileType = sourcecode.swift; path = ProfessorSubjectStrategy.swift; sourceTree = "<group>"; };
		F2EB2D8824DC1E6A006A9E45 /* StudentSubjectStrategy.swift */ = {isa = PBXFileReference; lastKnownFileType = sourcecode.swift; path = StudentSubjectStrategy.swift; sourceTree = "<group>"; };
		F2EB2D8A24DC2119006A9E45 /* StudentSubjectStrategyDS.swift */ = {isa = PBXFileReference; lastKnownFileType = sourcecode.swift; path = StudentSubjectStrategyDS.swift; sourceTree = "<group>"; };
		F2EB2D8D24DC325C006A9E45 /* StudentQuestionStrategyDS.swift */ = {isa = PBXFileReference; lastKnownFileType = sourcecode.swift; path = StudentQuestionStrategyDS.swift; sourceTree = "<group>"; };
		F2EB2D9024DC3BFA006A9E45 /* MCQQuestion.swift */ = {isa = PBXFileReference; lastKnownFileType = sourcecode.swift; path = MCQQuestion.swift; sourceTree = "<group>"; };
		F2EB2D9224DC3C7E006A9E45 /* TFQuestion.swift */ = {isa = PBXFileReference; lastKnownFileType = sourcecode.swift; path = TFQuestion.swift; sourceTree = "<group>"; };
		F2EBF05B24A94F6D002B4B30 /* LevelDepartment.swift */ = {isa = PBXFileReference; lastKnownFileType = sourcecode.swift; path = LevelDepartment.swift; sourceTree = "<group>"; };
		F2EEC90524005D1F00FB4276 /* GoogleService-Info.plist */ = {isa = PBXFileReference; fileEncoding = 4; lastKnownFileType = text.plist.xml; path = "GoogleService-Info.plist"; sourceTree = "<group>"; };
		FF584851F65B8972851252AE /* Pods-Examinator.debug.xcconfig */ = {isa = PBXFileReference; includeInIndex = 1; lastKnownFileType = text.xcconfig; name = "Pods-Examinator.debug.xcconfig"; path = "Target Support Files/Pods-Examinator/Pods-Examinator.debug.xcconfig"; sourceTree = "<group>"; };
/* End PBXFileReference section */

/* Begin PBXFrameworksBuildPhase section */
		F2C9D77123F8526900AE09A3 /* Frameworks */ = {
			isa = PBXFrameworksBuildPhase;
			buildActionMask = 2147483647;
			files = (
				E5C035C7410DDDCCE9CEA011 /* Pods_Examinator.framework in Frameworks */,
			);
			runOnlyForDeploymentPostprocessing = 0;
		};
/* End PBXFrameworksBuildPhase section */

/* Begin PBXGroup section */
		3DA20539D0E9CD6592BAF884 /* Frameworks */ = {
			isa = PBXGroup;
			children = (
				15B72CD01FEA3079A81332FA /* Pods_Examinator.framework */,
			);
			name = Frameworks;
			sourceTree = "<group>";
		};
		A6BFD12C27335581C2DD9AE0 /* Pods */ = {
			isa = PBXGroup;
			children = (
				FF584851F65B8972851252AE /* Pods-Examinator.debug.xcconfig */,
				2F544BF643607A307214AB00 /* Pods-Examinator.release.xcconfig */,
			);
			path = Pods;
			sourceTree = "<group>";
		};
		F20CAA8324A6931200FA8C2E /* Protocols */ = {
			isa = PBXGroup;
			children = (
				F20CAA8424A6932400FA8C2E /* ExpandableStrategy.swift */,
				F20CAA8624A6962D00FA8C2E /* ExpandableDataSource.swift */,
				F20CAA8824A6999000FA8C2E /* ExpandableDelegate.swift */,
				F20CAA8A24A69FF900FA8C2E /* Item.swift */,
			);
			path = Protocols;
			sourceTree = "<group>";
		};
		F20CAA9A24A75C6300FA8C2E /* Extensions */ = {
			isa = PBXGroup;
			children = (
				F20CAA9B24A75C7100FA8C2E /* TopMostVC.swift */,
				F2C2669924D8D693007DE74A /* KeyboardDismissing.swift */,
			);
			path = Extensions;
			sourceTree = "<group>";
		};
		F228654924AAA196003EDF5B /* Subject */ = {
			isa = PBXGroup;
			children = (
				F2EB2D8724DC1DED006A9E45 /* Student */,
				F2D153B024AF5DD400D52D65 /* professor */,
				F2D153AF24AF5DCB00D52D65 /* admin */,
			);
			path = Subject;
			sourceTree = "<group>";
		};
		F26D0F02240067640012FC1B /* Controllers */ = {
			isa = PBXGroup;
			children = (
				F2EB2D8F24DC3B88006A9E45 /* QuestionAnswering */,
				F2C2669424D8B320007DE74A /* NewQuestion */,
				F2EBF06124A950B5002B4B30 /* Login+Registration */,
				F2EBF06024A9508E002B4B30 /* Utility */,
				F2EBF05F24A95075002B4B30 /* Landing */,
				F2EBF05D24A95056002B4B30 /* Strategy */,
				F20CAA9624A6D0B200FA8C2E /* ProfessorTabBarViewController.swift */,
				F20CAA9824A74C2400FA8C2E /* ProfessorRequestHandler.swift */,
				F2C2669B24D9B555007DE74A /* ExamStructureVC.swift */,
				F2C2669D24D9B983007DE74A /* CategoryCell.swift */,
			);
			path = Controllers;
			sourceTree = "<group>";
		};
		F282510A24AF8AA500644472 /* Question */ = {
			isa = PBXGroup;
			children = (
				F2EB2D8C24DC3242006A9E45 /* Student */,
				F282510B24AF911000644472 /* QuestionStrategy.swift */,
				F282510D24AF911C00644472 /* QuestionStrategyDelegate.swift */,
				F282510F24AF912600644472 /* QuestionStrategyDS.swift */,
			);
			path = Question;
			sourceTree = "<group>";
		};
		F283B1DE23F9FE850065B00D /* Models */ = {
			isa = PBXGroup;
			children = (
				F283B1EB23FA012E0065B00D /* Chapter.swift */,
				F283B1DF23F9FF6A0065B00D /* College.swift */,
				F283B1E323F9FF900065B00D /* Department.swift */,
				F283B1EF23FA016D0065B00D /* Exam.swift */,
				F283B1F523FA03970065B00D /* ExamResult.swift */,
				F283B1F323FA019F0065B00D /* ExamRules.swift */,
				F283B1F123FA01790065B00D /* ExamStructure.swift */,
				F283B1E123F9FF840065B00D /* Level.swift */,
				F2EBF05B24A94F6D002B4B30 /* LevelDepartment.swift */,
				F283B1E523F9FFC50065B00D /* Professor.swift */,
				F283B1E923FA00130065B00D /* ProffessorRequest.swift */,
				F283B1ED23FA01440065B00D /* Question.swift */,
				F283B1E723F9FFDF0065B00D /* Subject.swift */,
				F20CAA8124A5498E00FA8C2E /* User.swift */,
			);
			path = Models;
			sourceTree = "<group>";
		};
		F292090F24A95465007B996B /* Level */ = {
			isa = PBXGroup;
			children = (
				F292091024A95488007B996B /* LevelsStrategy.swift */,
				F292091224A954B5007B996B /* LevelsStrategyDelegate.swift */,
				F292091424A95507007B996B /* LevelsStrategyDS.swift */,
				F292091624A96709007B996B /* LevelsVC.swift */,
			);
			path = Level;
			sourceTree = "<group>";
		};
		F292091824A98F09007B996B /* Department */ = {
			isa = PBXGroup;
			children = (
				F292091924A990DD007B996B /* DepartmentStrategy.swift */,
				F228654524AA8DA6003EDF5B /* DepartmentsStrategyDelegate.swift */,
				F228654724AA8DB6003EDF5B /* DepartmentsStrategyDS.swift */,
			);
			path = Department;
			sourceTree = "<group>";
		};
		F2A7C654249655A00078CA7C /* Diagrams */ = {
			isa = PBXGroup;
			children = (
				F2A7C656249655B30078CA7C /* Examinator.drawio */,
				F2A7C655249655B20078CA7C /* Examinator.png */,
			);
			path = Diagrams;
			sourceTree = "<group>";
		};
		F2C2669424D8B320007DE74A /* NewQuestion */ = {
			isa = PBXGroup;
			children = (
				F2C2669524D8B339007DE74A /* NewMCQQuestionVC.swift */,
				F2C2669724D8B34C007DE74A /* NewTFQuestionVC.swift */,
			);
			path = NewQuestion;
			sourceTree = "<group>";
		};
		F2C9D76B23F8526900AE09A3 = {
			isa = PBXGroup;
			children = (
				F2C9D77623F8526900AE09A3 /* Examinator */,
				F2C9D77523F8526900AE09A3 /* Products */,
				A6BFD12C27335581C2DD9AE0 /* Pods */,
				3DA20539D0E9CD6592BAF884 /* Frameworks */,
			);
			sourceTree = "<group>";
		};
		F2C9D77523F8526900AE09A3 /* Products */ = {
			isa = PBXGroup;
			children = (
				F2C9D77423F8526900AE09A3 /* Examinator.app */,
			);
			name = Products;
			sourceTree = "<group>";
		};
		F2C9D77623F8526900AE09A3 /* Examinator */ = {
			isa = PBXGroup;
			children = (
				F20CAA9A24A75C6300FA8C2E /* Extensions */,
				F20CAA8324A6931200FA8C2E /* Protocols */,
				F2C9D77723F8526900AE09A3 /* AppDelegate.swift */,
				F2C9D78023F8526C00AE09A3 /* Assets.xcassets */,
				F26D0F02240067640012FC1B /* Controllers */,
				F2A7C654249655A00078CA7C /* Diagrams */,
				F2EEC90524005D1F00FB4276 /* GoogleService-Info.plist */,
				F2C9D78523F8526C00AE09A3 /* Info.plist */,
				F2C9D78223F8526C00AE09A3 /* LaunchScreen.storyboard */,
				F2C9D77D23F8526900AE09A3 /* Main.storyboard */,
				F283B1DE23F9FE850065B00D /* Models */,
				F2C9D77923F8526900AE09A3 /* SceneDelegate.swift */,
				F2C9D77B23F8526900AE09A3 /* ViewController.swift */,
			);
			path = Examinator;
			sourceTree = "<group>";
		};
		F2D1539D24AEEAB400D52D65 /* Professor */ = {
			isa = PBXGroup;
			children = (
				F2D1539E24AEEADD00D52D65 /* ProfessorStrategy.swift */,
				F2D153A024AEEAFE00D52D65 /* ProfessorStrategyDelegate.swift */,
				F2D153A224AEEB0A00D52D65 /* ProfessorStrategyDS.swift */,
			);
			path = Professor;
			sourceTree = "<group>";
		};
		F2D153A624AF09EA00D52D65 /* Chapter */ = {
			isa = PBXGroup;
			children = (
				F2D153A724AF09F800D52D65 /* ChapterStrategy.swift */,
				F2D153A924AF0A0400D52D65 /* ChapterStrategyDelegate.swift */,
				F2D153AB24AF0A0D00D52D65 /* ChapterStrategyDS.swift */,
			);
			path = Chapter;
			sourceTree = "<group>";
		};
		F2D153AF24AF5DCB00D52D65 /* admin */ = {
			isa = PBXGroup;
			children = (
				F228654A24AAA1B7003EDF5B /* SubjectStrategy.swift */,
				F228654C24AAA1C6003EDF5B /* SubjectStrategyDelegate.swift */,
				F228654E24AAA1D0003EDF5B /* SubjectStrategyDS.swift */,
			);
			path = admin;
			sourceTree = "<group>";
		};
		F2D153B024AF5DD400D52D65 /* professor */ = {
			isa = PBXGroup;
			children = (
				F2D153AD24AF5C1600D52D65 /* ProfessorSubjectStrategy.swift */,
				F2D153A424AEF1CD00D52D65 /* ProfessorSubjectStrategyDS.swift */,
			);
			path = professor;
			sourceTree = "<group>";
		};
		F2EB2D8724DC1DED006A9E45 /* Student */ = {
			isa = PBXGroup;
			children = (
				F2EB2D8824DC1E6A006A9E45 /* StudentSubjectStrategy.swift */,
				F2EB2D8A24DC2119006A9E45 /* StudentSubjectStrategyDS.swift */,
			);
			path = Student;
			sourceTree = "<group>";
		};
		F2EB2D8C24DC3242006A9E45 /* Student */ = {
			isa = PBXGroup;
			children = (
				F2EB2D8D24DC325C006A9E45 /* StudentQuestionStrategyDS.swift */,
			);
			path = Student;
			sourceTree = "<group>";
		};
		F2EB2D8F24DC3B88006A9E45 /* QuestionAnswering */ = {
			isa = PBXGroup;
			children = (
				F2EB2D9024DC3BFA006A9E45 /* MCQQuestion.swift */,
				F2EB2D9224DC3C7E006A9E45 /* TFQuestion.swift */,
			);
			path = QuestionAnswering;
			sourceTree = "<group>";
		};
		F2EBF05D24A95056002B4B30 /* Strategy */ = {
			isa = PBXGroup;
			children = (
				F282510A24AF8AA500644472 /* Question */,
				F2D153A624AF09EA00D52D65 /* Chapter */,
				F2D1539D24AEEAB400D52D65 /* Professor */,
				F228654924AAA196003EDF5B /* Subject */,
				F292091824A98F09007B996B /* Department */,
				F292090F24A95465007B996B /* Level */,
				F2EBF05E24A95064002B4B30 /* Strategy */,
				F2EBF06224A950EA002B4B30 /* Requests */,
			);
			path = Strategy;
			sourceTree = "<group>";
		};
		F2EBF05E24A95064002B4B30 /* Strategy */ = {
			isa = PBXGroup;
			children = (
				F20CAA8C24A6B9A900FA8C2E /* ExpandableTableVC.swift */,
			);
			path = Strategy;
			sourceTree = "<group>";
		};
		F2EBF05F24A95075002B4B30 /* Landing */ = {
			isa = PBXGroup;
			children = (
				F2C8774B2400723300927B9F /* AdminLanding.swift */,
				F20CAA7D24A4AF6B00FA8C2E /* ProfessorLanding.swift */,
				F20CAA7F24A4AFCA00FA8C2E /* StudentLanding.swift */,
			);
			path = Landing;
			sourceTree = "<group>";
		};
		F2EBF06024A9508E002B4B30 /* Utility */ = {
			isa = PBXGroup;
			children = (
				F2C8774D240073D500927B9F /* AlertManager.swift */,
			);
			path = Utility;
			sourceTree = "<group>";
		};
		F2EBF06124A950B5002B4B30 /* Login+Registration */ = {
			isa = PBXGroup;
			children = (
				F26D0F03240067FB0012FC1B /* Login.swift */,
				F26D0F052400680C0012FC1B /* RegisterPicker.swift */,
				F26D0F072400681E0012FC1B /* Register.swift */,
			);
			path = "Login+Registration";
			sourceTree = "<group>";
		};
		F2EBF06224A950EA002B4B30 /* Requests */ = {
			isa = PBXGroup;
			children = (
				F20CAA8E24A6BBBC00FA8C2E /* RequestsStrategy.swift */,
				F20CAA9024A6C1D500FA8C2E /* RequestsStrategyDS.swift */,
				F20CAA9224A6C9B300FA8C2E /* RequestsStrategyDelegate.swift */,
				F20CAA9424A6CF3900FA8C2E /* RequestsVC.swift */,
			);
			path = Requests;
			sourceTree = "<group>";
		};
/* End PBXGroup section */

/* Begin PBXNativeTarget section */
		F2C9D77323F8526900AE09A3 /* Examinator */ = {
			isa = PBXNativeTarget;
			buildConfigurationList = F2C9D78823F8526C00AE09A3 /* Build configuration list for PBXNativeTarget "Examinator" */;
			buildPhases = (
				41B46DFF475769820CAACBBD /* [CP] Check Pods Manifest.lock */,
				F2C9D77023F8526900AE09A3 /* Sources */,
				F2C9D77123F8526900AE09A3 /* Frameworks */,
				F2C9D77223F8526900AE09A3 /* Resources */,
				9A5EE6951B36173AAF2EC623 /* [CP] Embed Pods Frameworks */,
			);
			buildRules = (
			);
			dependencies = (
			);
			name = Examinator;
			productName = Examinator;
			productReference = F2C9D77423F8526900AE09A3 /* Examinator.app */;
			productType = "com.apple.product-type.application";
		};
/* End PBXNativeTarget section */

/* Begin PBXProject section */
		F2C9D76C23F8526900AE09A3 /* Project object */ = {
			isa = PBXProject;
			attributes = {
				LastSwiftUpdateCheck = 1130;
				LastUpgradeCheck = 1130;
				ORGANIZATIONNAME = "Mostafa Elshazly";
				TargetAttributes = {
					F2C9D77323F8526900AE09A3 = {
						CreatedOnToolsVersion = 11.3;
					};
				};
			};
			buildConfigurationList = F2C9D76F23F8526900AE09A3 /* Build configuration list for PBXProject "Examinator" */;
			compatibilityVersion = "Xcode 9.3";
			developmentRegion = en;
			hasScannedForEncodings = 0;
			knownRegions = (
				en,
				Base,
			);
			mainGroup = F2C9D76B23F8526900AE09A3;
			productRefGroup = F2C9D77523F8526900AE09A3 /* Products */;
			projectDirPath = "";
			projectRoot = "";
			targets = (
				F2C9D77323F8526900AE09A3 /* Examinator */,
			);
		};
/* End PBXProject section */

/* Begin PBXResourcesBuildPhase section */
		F2C9D77223F8526900AE09A3 /* Resources */ = {
			isa = PBXResourcesBuildPhase;
			buildActionMask = 2147483647;
			files = (
				F2C9D78423F8526C00AE09A3 /* LaunchScreen.storyboard in Resources */,
				F2EEC90624005D1F00FB4276 /* GoogleService-Info.plist in Resources */,
				F2C9D78123F8526C00AE09A3 /* Assets.xcassets in Resources */,
				F2A7C657249655B30078CA7C /* Examinator.png in Resources */,
				F2C9D77F23F8526900AE09A3 /* Main.storyboard in Resources */,
				F2A7C658249655B30078CA7C /* Examinator.drawio in Resources */,
			);
			runOnlyForDeploymentPostprocessing = 0;
		};
/* End PBXResourcesBuildPhase section */

/* Begin PBXShellScriptBuildPhase section */
		41B46DFF475769820CAACBBD /* [CP] Check Pods Manifest.lock */ = {
			isa = PBXShellScriptBuildPhase;
			buildActionMask = 2147483647;
			files = (
			);
			inputFileListPaths = (
			);
			inputPaths = (
				"${PODS_PODFILE_DIR_PATH}/Podfile.lock",
				"${PODS_ROOT}/Manifest.lock",
			);
			name = "[CP] Check Pods Manifest.lock";
			outputFileListPaths = (
			);
			outputPaths = (
				"$(DERIVED_FILE_DIR)/Pods-Examinator-checkManifestLockResult.txt",
			);
			runOnlyForDeploymentPostprocessing = 0;
			shellPath = /bin/sh;
			shellScript = "diff \"${PODS_PODFILE_DIR_PATH}/Podfile.lock\" \"${PODS_ROOT}/Manifest.lock\" > /dev/null\nif [ $? != 0 ] ; then\n    # print error to STDERR\n    echo \"error: The sandbox is not in sync with the Podfile.lock. Run 'pod install' or update your CocoaPods installation.\" >&2\n    exit 1\nfi\n# This output is used by Xcode 'outputs' to avoid re-running this script phase.\necho \"SUCCESS\" > \"${SCRIPT_OUTPUT_FILE_0}\"\n";
			showEnvVarsInLog = 0;
		};
		9A5EE6951B36173AAF2EC623 /* [CP] Embed Pods Frameworks */ = {
			isa = PBXShellScriptBuildPhase;
			buildActionMask = 2147483647;
			files = (
			);
			inputFileListPaths = (
				"${PODS_ROOT}/Target Support Files/Pods-Examinator/Pods-Examinator-frameworks-${CONFIGURATION}-input-files.xcfilelist",
			);
			name = "[CP] Embed Pods Frameworks";
			outputFileListPaths = (
				"${PODS_ROOT}/Target Support Files/Pods-Examinator/Pods-Examinator-frameworks-${CONFIGURATION}-output-files.xcfilelist",
			);
			runOnlyForDeploymentPostprocessing = 0;
			shellPath = /bin/sh;
			shellScript = "\"${PODS_ROOT}/Target Support Files/Pods-Examinator/Pods-Examinator-frameworks.sh\"\n";
			showEnvVarsInLog = 0;
		};
/* End PBXShellScriptBuildPhase section */

/* Begin PBXSourcesBuildPhase section */
		F2C9D77023F8526900AE09A3 /* Sources */ = {
			isa = PBXSourcesBuildPhase;
			buildActionMask = 2147483647;
			files = (
				F2EBF05C24A94F6D002B4B30 /* LevelDepartment.swift in Sources */,
				F2EB2D8924DC1E6A006A9E45 /* StudentSubjectStrategy.swift in Sources */,
				F2C2669824D8B34C007DE74A /* NewTFQuestionVC.swift in Sources */,
				F20CAA9724A6D0B200FA8C2E /* ProfessorTabBarViewController.swift in Sources */,
				F20CAA9524A6CF3900FA8C2E /* RequestsVC.swift in Sources */,
				F2D153AC24AF0A0D00D52D65 /* ChapterStrategyDS.swift in Sources */,
				F283B1E823F9FFDF0065B00D /* Subject.swift in Sources */,
				F283B1EC23FA012E0065B00D /* Chapter.swift in Sources */,
				F2D1539F24AEEADD00D52D65 /* ProfessorStrategy.swift in Sources */,
				F20CAA8524A6932400FA8C2E /* ExpandableStrategy.swift in Sources */,
				F292091324A954B5007B996B /* LevelsStrategyDelegate.swift in Sources */,
				F228654B24AAA1B8003EDF5B /* SubjectStrategy.swift in Sources */,
				F20CAA9324A6C9B300FA8C2E /* RequestsStrategyDelegate.swift in Sources */,
				F2C2669624D8B339007DE74A /* NewMCQQuestionVC.swift in Sources */,
				F292091524A95507007B996B /* LevelsStrategyDS.swift in Sources */,
				F26D0F062400680C0012FC1B /* RegisterPicker.swift in Sources */,
				F282511024AF912600644472 /* QuestionStrategyDS.swift in Sources */,
				F2EB2D8E24DC325C006A9E45 /* StudentQuestionStrategyDS.swift in Sources */,
				F283B1E623F9FFC50065B00D /* Professor.swift in Sources */,
				F283B1F623FA03970065B00D /* ExamResult.swift in Sources */,
				F2D153A524AEF1CD00D52D65 /* ProfessorSubjectStrategyDS.swift in Sources */,
				F292091124A95488007B996B /* LevelsStrategy.swift in Sources */,
				F292091724A96709007B996B /* LevelsVC.swift in Sources */,
				F228654824AA8DB6003EDF5B /* DepartmentsStrategyDS.swift in Sources */,
				F283B1E223F9FF840065B00D /* Level.swift in Sources */,
				F283B1F423FA019F0065B00D /* ExamRules.swift in Sources */,
				F2D153A824AF09F800D52D65 /* ChapterStrategy.swift in Sources */,
				F2EB2D8B24DC2119006A9E45 /* StudentSubjectStrategyDS.swift in Sources */,
				F2C8774C2400723300927B9F /* AdminLanding.swift in Sources */,
				F2C9D77C23F8526900AE09A3 /* ViewController.swift in Sources */,
				F20CAA8B24A69FF900FA8C2E /* Item.swift in Sources */,
				F20CAA9924A74C2500FA8C2E /* ProfessorRequestHandler.swift in Sources */,
				F20CAA7E24A4AF6B00FA8C2E /* ProfessorLanding.swift in Sources */,
				F283B1F223FA01790065B00D /* ExamStructure.swift in Sources */,
				F292091A24A990DD007B996B /* DepartmentStrategy.swift in Sources */,
				F20CAA8924A6999000FA8C2E /* ExpandableDelegate.swift in Sources */,
				F2C9D77823F8526900AE09A3 /* AppDelegate.swift in Sources */,
				F282510C24AF911000644472 /* QuestionStrategy.swift in Sources */,
				F2C2669E24D9B983007DE74A /* CategoryCell.swift in Sources */,
				F283B1EA23FA00130065B00D /* ProffessorRequest.swift in Sources */,
				F20CAA8724A6962D00FA8C2E /* ExpandableDataSource.swift in Sources */,
				F2C8774E240073D500927B9F /* AlertManager.swift in Sources */,
				F2C9D77A23F8526900AE09A3 /* SceneDelegate.swift in Sources */,
				F20CAA8D24A6B9AA00FA8C2E /* ExpandableTableVC.swift in Sources */,
				F228654D24AAA1C6003EDF5B /* SubjectStrategyDelegate.swift in Sources */,
				F2EB2D9124DC3BFA006A9E45 /* MCQQuestion.swift in Sources */,
				F26D0F082400681E0012FC1B /* Register.swift in Sources */,
				F282510E24AF911C00644472 /* QuestionStrategyDelegate.swift in Sources */,
				F2D153A324AEEB0A00D52D65 /* ProfessorStrategyDS.swift in Sources */,
				F283B1F023FA016D0065B00D /* Exam.swift in Sources */,
				F20CAA9C24A75C7100FA8C2E /* TopMostVC.swift in Sources */,
				F2C2669A24D8D693007DE74A /* KeyboardDismissing.swift in Sources */,
				F228654F24AAA1D0003EDF5B /* SubjectStrategyDS.swift in Sources */,
				F2C2669C24D9B555007DE74A /* ExamStructureVC.swift in Sources */,
				F2D153AA24AF0A0400D52D65 /* ChapterStrategyDelegate.swift in Sources */,
				F20CAA8F24A6BBBC00FA8C2E /* RequestsStrategy.swift in Sources */,
				F2EB2D9324DC3C7E006A9E45 /* TFQuestion.swift in Sources */,
				F20CAA8024A4AFCA00FA8C2E /* StudentLanding.swift in Sources */,
				F2D153AE24AF5C1600D52D65 /* ProfessorSubjectStrategy.swift in Sources */,
				F283B1E023F9FF6A0065B00D /* College.swift in Sources */,
				F20CAA9124A6C1D500FA8C2E /* RequestsStrategyDS.swift in Sources */,
				F228654624AA8DA6003EDF5B /* DepartmentsStrategyDelegate.swift in Sources */,
				F2D153A124AEEAFE00D52D65 /* ProfessorStrategyDelegate.swift in Sources */,
				F283B1EE23FA01440065B00D /* Question.swift in Sources */,
				F283B1E423F9FF900065B00D /* Department.swift in Sources */,
				F26D0F04240067FB0012FC1B /* Login.swift in Sources */,
				F20CAA8224A5498E00FA8C2E /* User.swift in Sources */,
			);
			runOnlyForDeploymentPostprocessing = 0;
		};
/* End PBXSourcesBuildPhase section */

/* Begin PBXVariantGroup section */
		F2C9D77D23F8526900AE09A3 /* Main.storyboard */ = {
			isa = PBXVariantGroup;
			children = (
				F2C9D77E23F8526900AE09A3 /* Base */,
			);
			name = Main.storyboard;
			sourceTree = "<group>";
		};
		F2C9D78223F8526C00AE09A3 /* LaunchScreen.storyboard */ = {
			isa = PBXVariantGroup;
			children = (
				F2C9D78323F8526C00AE09A3 /* Base */,
			);
			name = LaunchScreen.storyboard;
			sourceTree = "<group>";
		};
/* End PBXVariantGroup section */

/* Begin XCBuildConfiguration section */
		F2C9D78623F8526C00AE09A3 /* Debug */ = {
			isa = XCBuildConfiguration;
			buildSettings = {
				ALWAYS_SEARCH_USER_PATHS = NO;
				CLANG_ANALYZER_NONNULL = YES;
				CLANG_ANALYZER_NUMBER_OBJECT_CONVERSION = YES_AGGRESSIVE;
				CLANG_CXX_LANGUAGE_STANDARD = "gnu++14";
				CLANG_CXX_LIBRARY = "libc++";
				CLANG_ENABLE_MODULES = YES;
				CLANG_ENABLE_OBJC_ARC = YES;
				CLANG_ENABLE_OBJC_WEAK = YES;
				CLANG_WARN_BLOCK_CAPTURE_AUTORELEASING = YES;
				CLANG_WARN_BOOL_CONVERSION = YES;
				CLANG_WARN_COMMA = YES;
				CLANG_WARN_CONSTANT_CONVERSION = YES;
				CLANG_WARN_DEPRECATED_OBJC_IMPLEMENTATIONS = YES;
				CLANG_WARN_DIRECT_OBJC_ISA_USAGE = YES_ERROR;
				CLANG_WARN_DOCUMENTATION_COMMENTS = YES;
				CLANG_WARN_EMPTY_BODY = YES;
				CLANG_WARN_ENUM_CONVERSION = YES;
				CLANG_WARN_INFINITE_RECURSION = YES;
				CLANG_WARN_INT_CONVERSION = YES;
				CLANG_WARN_NON_LITERAL_NULL_CONVERSION = YES;
				CLANG_WARN_OBJC_IMPLICIT_RETAIN_SELF = YES;
				CLANG_WARN_OBJC_LITERAL_CONVERSION = YES;
				CLANG_WARN_OBJC_ROOT_CLASS = YES_ERROR;
				CLANG_WARN_RANGE_LOOP_ANALYSIS = YES;
				CLANG_WARN_STRICT_PROTOTYPES = YES;
				CLANG_WARN_SUSPICIOUS_MOVE = YES;
				CLANG_WARN_UNGUARDED_AVAILABILITY = YES_AGGRESSIVE;
				CLANG_WARN_UNREACHABLE_CODE = YES;
				CLANG_WARN__DUPLICATE_METHOD_MATCH = YES;
				COPY_PHASE_STRIP = NO;
				DEBUG_INFORMATION_FORMAT = dwarf;
				ENABLE_STRICT_OBJC_MSGSEND = YES;
				ENABLE_TESTABILITY = YES;
				GCC_C_LANGUAGE_STANDARD = gnu11;
				GCC_DYNAMIC_NO_PIC = NO;
				GCC_NO_COMMON_BLOCKS = YES;
				GCC_OPTIMIZATION_LEVEL = 0;
				GCC_PREPROCESSOR_DEFINITIONS = (
					"DEBUG=1",
					"$(inherited)",
				);
				GCC_WARN_64_TO_32_BIT_CONVERSION = YES;
				GCC_WARN_ABOUT_RETURN_TYPE = YES_ERROR;
				GCC_WARN_UNDECLARED_SELECTOR = YES;
				GCC_WARN_UNINITIALIZED_AUTOS = YES_AGGRESSIVE;
				GCC_WARN_UNUSED_FUNCTION = YES;
				GCC_WARN_UNUSED_VARIABLE = YES;
				IPHONEOS_DEPLOYMENT_TARGET = 13.2;
				MTL_ENABLE_DEBUG_INFO = INCLUDE_SOURCE;
				MTL_FAST_MATH = YES;
				ONLY_ACTIVE_ARCH = YES;
				SDKROOT = iphoneos;
				SWIFT_ACTIVE_COMPILATION_CONDITIONS = DEBUG;
				SWIFT_OPTIMIZATION_LEVEL = "-Onone";
			};
			name = Debug;
		};
		F2C9D78723F8526C00AE09A3 /* Release */ = {
			isa = XCBuildConfiguration;
			buildSettings = {
				ALWAYS_SEARCH_USER_PATHS = NO;
				CLANG_ANALYZER_NONNULL = YES;
				CLANG_ANALYZER_NUMBER_OBJECT_CONVERSION = YES_AGGRESSIVE;
				CLANG_CXX_LANGUAGE_STANDARD = "gnu++14";
				CLANG_CXX_LIBRARY = "libc++";
				CLANG_ENABLE_MODULES = YES;
				CLANG_ENABLE_OBJC_ARC = YES;
				CLANG_ENABLE_OBJC_WEAK = YES;
				CLANG_WARN_BLOCK_CAPTURE_AUTORELEASING = YES;
				CLANG_WARN_BOOL_CONVERSION = YES;
				CLANG_WARN_COMMA = YES;
				CLANG_WARN_CONSTANT_CONVERSION = YES;
				CLANG_WARN_DEPRECATED_OBJC_IMPLEMENTATIONS = YES;
				CLANG_WARN_DIRECT_OBJC_ISA_USAGE = YES_ERROR;
				CLANG_WARN_DOCUMENTATION_COMMENTS = YES;
				CLANG_WARN_EMPTY_BODY = YES;
				CLANG_WARN_ENUM_CONVERSION = YES;
				CLANG_WARN_INFINITE_RECURSION = YES;
				CLANG_WARN_INT_CONVERSION = YES;
				CLANG_WARN_NON_LITERAL_NULL_CONVERSION = YES;
				CLANG_WARN_OBJC_IMPLICIT_RETAIN_SELF = YES;
				CLANG_WARN_OBJC_LITERAL_CONVERSION = YES;
				CLANG_WARN_OBJC_ROOT_CLASS = YES_ERROR;
				CLANG_WARN_RANGE_LOOP_ANALYSIS = YES;
				CLANG_WARN_STRICT_PROTOTYPES = YES;
				CLANG_WARN_SUSPICIOUS_MOVE = YES;
				CLANG_WARN_UNGUARDED_AVAILABILITY = YES_AGGRESSIVE;
				CLANG_WARN_UNREACHABLE_CODE = YES;
				CLANG_WARN__DUPLICATE_METHOD_MATCH = YES;
				COPY_PHASE_STRIP = NO;
				DEBUG_INFORMATION_FORMAT = "dwarf-with-dsym";
				ENABLE_NS_ASSERTIONS = NO;
				ENABLE_STRICT_OBJC_MSGSEND = YES;
				GCC_C_LANGUAGE_STANDARD = gnu11;
				GCC_NO_COMMON_BLOCKS = YES;
				GCC_WARN_64_TO_32_BIT_CONVERSION = YES;
				GCC_WARN_ABOUT_RETURN_TYPE = YES_ERROR;
				GCC_WARN_UNDECLARED_SELECTOR = YES;
				GCC_WARN_UNINITIALIZED_AUTOS = YES_AGGRESSIVE;
				GCC_WARN_UNUSED_FUNCTION = YES;
				GCC_WARN_UNUSED_VARIABLE = YES;
				IPHONEOS_DEPLOYMENT_TARGET = 13.2;
				MTL_ENABLE_DEBUG_INFO = NO;
				MTL_FAST_MATH = YES;
				SDKROOT = iphoneos;
				SWIFT_COMPILATION_MODE = wholemodule;
				SWIFT_OPTIMIZATION_LEVEL = "-O";
				VALIDATE_PRODUCT = YES;
			};
			name = Release;
		};
		F2C9D78923F8526C00AE09A3 /* Debug */ = {
			isa = XCBuildConfiguration;
			baseConfigurationReference = FF584851F65B8972851252AE /* Pods-Examinator.debug.xcconfig */;
			buildSettings = {
				ASSETCATALOG_COMPILER_APPICON_NAME = AppIcon;
				CODE_SIGN_STYLE = Automatic;
				DEVELOPMENT_TEAM = 92248YS3F6;
				INFOPLIST_FILE = Examinator/Info.plist;
				LD_RUNPATH_SEARCH_PATHS = (
					"$(inherited)",
					"@executable_path/Frameworks",
				);
				PRODUCT_BUNDLE_IDENTIFIER = com.MostafaElshazly.Examinator;
				PRODUCT_NAME = "$(TARGET_NAME)";
				SWIFT_VERSION = 5.0;
				TARGETED_DEVICE_FAMILY = "1,2";
			};
			name = Debug;
		};
		F2C9D78A23F8526C00AE09A3 /* Release */ = {
			isa = XCBuildConfiguration;
			baseConfigurationReference = 2F544BF643607A307214AB00 /* Pods-Examinator.release.xcconfig */;
			buildSettings = {
				ASSETCATALOG_COMPILER_APPICON_NAME = AppIcon;
				CODE_SIGN_STYLE = Automatic;
				DEVELOPMENT_TEAM = 92248YS3F6;
				INFOPLIST_FILE = Examinator/Info.plist;
				LD_RUNPATH_SEARCH_PATHS = (
					"$(inherited)",
					"@executable_path/Frameworks",
				);
				PRODUCT_BUNDLE_IDENTIFIER = com.MostafaElshazly.Examinator;
				PRODUCT_NAME = "$(TARGET_NAME)";
				SWIFT_VERSION = 5.0;
				TARGETED_DEVICE_FAMILY = "1,2";
			};
			name = Release;
		};
/* End XCBuildConfiguration section */

/* Begin XCConfigurationList section */
		F2C9D76F23F8526900AE09A3 /* Build configuration list for PBXProject "Examinator" */ = {
			isa = XCConfigurationList;
			buildConfigurations = (
				F2C9D78623F8526C00AE09A3 /* Debug */,
				F2C9D78723F8526C00AE09A3 /* Release */,
			);
			defaultConfigurationIsVisible = 0;
			defaultConfigurationName = Release;
		};
		F2C9D78823F8526C00AE09A3 /* Build configuration list for PBXNativeTarget "Examinator" */ = {
			isa = XCConfigurationList;
			buildConfigurations = (
				F2C9D78923F8526C00AE09A3 /* Debug */,
				F2C9D78A23F8526C00AE09A3 /* Release */,
			);
			defaultConfigurationIsVisible = 0;
			defaultConfigurationName = Release;
		};
/* End XCConfigurationList section */
	};
	rootObject = F2C9D76C23F8526900AE09A3 /* Project object */;
}
